
Microsoft Visual Studio Solution File, Format Version 12.00
# Visual Studio Version 17
VisualStudioVersion = 17.4.33103.184
MinimumVisualStudioVersion = 10.0.40219.1
Project("{FAE04EC0-301F-11D3-BF4B-00C04F79EFBC}") = "23-11-2022", "23-11-2022.csproj", "{F7F6B0E7-E8E3-42BA-8712-3582050B2563}"
EndProject
Global
	GlobalSection(SolutionConfigurationPlatforms) = preSolution
		Debug|Any CPU = Debug|Any CPU
		Release|Any CPU = Release|Any CPU
	EndGlobalSection
	GlobalSection(ProjectConfigurationPlatforms) = postSolution
		{F7F6B0E7-E8E3-42BA-8712-3582050B2563}.Debug|Any CPU.ActiveCfg = Debug|Any CPU
		{F7F6B0E7-E8E3-42BA-8712-3582050B2563}.Debug|Any CPU.Build.0 = Debug|Any CPU
		{F7F6B0E7-E8E3-42BA-8712-3582050B2563}.Release|Any CPU.ActiveCfg = Release|Any CPU
		{F7F6B0E7-E8E3-42BA-8712-3582050B2563}.Release|Any CPU.Build.0 = Release|Any CPU
	EndGlobalSection
	GlobalSection(SolutionProperties) = preSolution
		HideSolutionNode = FALSE
	EndGlobalSection
	GlobalSection(ExtensibilityGlobals) = postSolution
		SolutionGuid = {4C2131D0-73F8-4769-B0DE-9D0BF5BE5E2D}
	EndGlobalSection
EndGlobal
